
Microsoft Visual Studio Solution File, Format Version 12.00
# Visual Studio Version 17
VisualStudioVersion = 17.3.32929.385
MinimumVisualStudioVersion = 10.0.40219.1
Project("{FAE04EC0-301F-11D3-BF4B-00C04F79EFBC}") = "EJERCICIO1", "EJERCICIO1\EJERCICIO1.csproj", "{91E63830-80C6-4DA2-8BFA-C0E3E91D06C2}"
EndProject
Project("{FAE04EC0-301F-11D3-BF4B-00C04F79EFBC}") = "EJERCICIO2", "EJERCICIO2\EJERCICIO2.csproj", "{6FEEE372-B76D-4ADB-B711-FBEE938680B3}"
EndProject
Project("{FAE04EC0-301F-11D3-BF4B-00C04F79EFBC}") = "EJERCICIO3", "EJERCICIO3\EJERCICIO3.csproj", "{BA810D09-46F4-40E2-A99D-CC6352928997}"
EndProject
Project("{9344BDBB-3E7F-41FC-A0DD-8665D75EE146}") = "Strings Entornos", "Strings Entornos\Strings Entornos.csproj", "{90F8E2D6-329B-4613-87DE-10BE3DD5AD7A}"
EndProject
Project("{FAE04EC0-301F-11D3-BF4B-00C04F79EFBC}") = "EJERCICIO4", "EJERCICIO4\EJERCICIO4.csproj", "{9D6BFD53-0AE6-4A1D-A6B0-86AAE7CB8694}"
EndProject
Project("{FAE04EC0-301F-11D3-BF4B-00C04F79EFBC}") = "EJERCICIO5", "EJERCICIO5\EJERCICIO5.csproj", "{B6DA6506-AA24-4FBE-8321-0075CF646538}"
EndProject
Project("{FAE04EC0-301F-11D3-BF4B-00C04F79EFBC}") = "EJERCICIO6", "EJERCICIO6\EJERCICIO6.csproj", "{7DBEFAA1-7934-4174-81EC-488EAD1E3DE7}"
EndProject
Global
	GlobalSection(SolutionConfigurationPlatforms) = preSolution
		Debug|Any CPU = Debug|Any CPU
		Release|Any CPU = Release|Any CPU
	EndGlobalSection
	GlobalSection(ProjectConfigurationPlatforms) = postSolution
		{91E63830-80C6-4DA2-8BFA-C0E3E91D06C2}.Debug|Any CPU.ActiveCfg = Debug|Any CPU
		{91E63830-80C6-4DA2-8BFA-C0E3E91D06C2}.Debug|Any CPU.Build.0 = Debug|Any CPU
		{91E63830-80C6-4DA2-8BFA-C0E3E91D06C2}.Release|Any CPU.ActiveCfg = Release|Any CPU
		{91E63830-80C6-4DA2-8BFA-C0E3E91D06C2}.Release|Any CPU.Build.0 = Release|Any CPU
		{6FEEE372-B76D-4ADB-B711-FBEE938680B3}.Debug|Any CPU.ActiveCfg = Debug|Any CPU
		{6FEEE372-B76D-4ADB-B711-FBEE938680B3}.Debug|Any CPU.Build.0 = Debug|Any CPU
		{6FEEE372-B76D-4ADB-B711-FBEE938680B3}.Release|Any CPU.ActiveCfg = Release|Any CPU
		{6FEEE372-B76D-4ADB-B711-FBEE938680B3}.Release|Any CPU.Build.0 = Release|Any CPU
		{BA810D09-46F4-40E2-A99D-CC6352928997}.Debug|Any CPU.ActiveCfg = Debug|Any CPU
		{BA810D09-46F4-40E2-A99D-CC6352928997}.Debug|Any CPU.Build.0 = Debug|Any CPU
		{BA810D09-46F4-40E2-A99D-CC6352928997}.Release|Any CPU.ActiveCfg = Release|Any CPU
		{BA810D09-46F4-40E2-A99D-CC6352928997}.Release|Any CPU.Build.0 = Release|Any CPU
		{90F8E2D6-329B-4613-87DE-10BE3DD5AD7A}.Debug|Any CPU.ActiveCfg = Debug|Any CPU
		{90F8E2D6-329B-4613-87DE-10BE3DD5AD7A}.Debug|Any CPU.Build.0 = Debug|Any CPU
		{90F8E2D6-329B-4613-87DE-10BE3DD5AD7A}.Release|Any CPU.ActiveCfg = Release|Any CPU
		{90F8E2D6-329B-4613-87DE-10BE3DD5AD7A}.Release|Any CPU.Build.0 = Release|Any CPU
		{9D6BFD53-0AE6-4A1D-A6B0-86AAE7CB8694}.Debug|Any CPU.ActiveCfg = Debug|Any CPU
		{9D6BFD53-0AE6-4A1D-A6B0-86AAE7CB8694}.Debug|Any CPU.Build.0 = Debug|Any CPU
		{9D6BFD53-0AE6-4A1D-A6B0-86AAE7CB8694}.Release|Any CPU.ActiveCfg = Release|Any CPU
		{9D6BFD53-0AE6-4A1D-A6B0-86AAE7CB8694}.Release|Any CPU.Build.0 = Release|Any CPU
		{B6DA6506-AA24-4FBE-8321-0075CF646538}.Debug|Any CPU.ActiveCfg = Debug|Any CPU
		{B6DA6506-AA24-4FBE-8321-0075CF646538}.Debug|Any CPU.Build.0 = Debug|Any CPU
		{B6DA6506-AA24-4FBE-8321-0075CF646538}.Release|Any CPU.ActiveCfg = Release|Any CPU
		{B6DA6506-AA24-4FBE-8321-0075CF646538}.Release|Any CPU.Build.0 = Release|Any CPU
		{7DBEFAA1-7934-4174-81EC-488EAD1E3DE7}.Debug|Any CPU.ActiveCfg = Debug|Any CPU
		{7DBEFAA1-7934-4174-81EC-488EAD1E3DE7}.Debug|Any CPU.Build.0 = Debug|Any CPU
		{7DBEFAA1-7934-4174-81EC-488EAD1E3DE7}.Release|Any CPU.ActiveCfg = Release|Any CPU
		{7DBEFAA1-7934-4174-81EC-488EAD1E3DE7}.Release|Any CPU.Build.0 = Release|Any CPU
	EndGlobalSection
	GlobalSection(SolutionProperties) = preSolution
		HideSolutionNode = FALSE
	EndGlobalSection
	GlobalSection(ExtensibilityGlobals) = postSolution
		SolutionGuid = {5A1E2D30-922D-4698-955D-EB7E76DC3E7E}
	EndGlobalSection
EndGlobal
